
Microsoft Visual Studio Solution File, Format Version 12.00
# Visual Studio 15
VisualStudioVersion = 15.0.28010.2003
MinimumVisualStudioVersion = 10.0.40219.1
Project("{FAE04EC0-301F-11D3-BF4B-00C04F79EFBC}") = "Overload_ParametroOpcional", "Overload_ParametroOpcional\Overload_ParametroOpcional.csproj", "{63390DEE-28BA-44BA-AE9E-45ED6E2D1EDB}"
EndProject
Global
	GlobalSection(SolutionConfigurationPlatforms) = preSolution
		Debug|Any CPU = Debug|Any CPU
		Release|Any CPU = Release|Any CPU
	EndGlobalSection
	GlobalSection(ProjectConfigurationPlatforms) = postSolution
		{63390DEE-28BA-44BA-AE9E-45ED6E2D1EDB}.Debug|Any CPU.ActiveCfg = Debug|Any CPU
		{63390DEE-28BA-44BA-AE9E-45ED6E2D1EDB}.Debug|Any CPU.Build.0 = Debug|Any CPU
		{63390DEE-28BA-44BA-AE9E-45ED6E2D1EDB}.Release|Any CPU.ActiveCfg = Release|Any CPU
		{63390DEE-28BA-44BA-AE9E-45ED6E2D1EDB}.Release|Any CPU.Build.0 = Release|Any CPU
	EndGlobalSection
	GlobalSection(SolutionProperties) = preSolution
		HideSolutionNode = FALSE
	EndGlobalSection
	GlobalSection(ExtensibilityGlobals) = postSolution
		SolutionGuid = {3E913C7B-D4A3-4536-A18A-A78A207D9000}
	EndGlobalSection
EndGlobal
